[root]
name = "garland_words-fuzz"
version = "0.0.1"
dependencies = [
 "garland_words 0.1.0",
 "libfuzzer-sys 0.1.0 (git+https://github.com/rust-fuzz/libfuzzer-sys.git)",
]

[[package]]
name = "arbitrary"
version = "0.1.0"
source = "registry+https://github.com/rust-lang/crates.io-index"

[[package]]
name = "garland_words"
version = "0.1.0"
dependencies = [
 "unicode-segmentation 1.2.0 (registry+https://github.com/rust-lang/crates.io-index)",
]

[[package]]
name = "gcc"
version = "0.3.49"
source = "registry+https://github.com/rust-lang/crates.io-index"

[[package]]
name = "libfuzzer-sys"
version = "0.1.0"
source = "git+https://github.com/rust-fuzz/libfuzzer-sys.git#bcaa8e1c4ee37fb5a1667da297d7aa16e257399c"
dependencies = [
 "arbitrary 0.1.0 (registry+https://github.com/rust-lang/crates.io-index)",
 "gcc 0.3.49 (registry+https://github.com/rust-lang/crates.io-index)",
]

[[package]]
name = "unicode-segmentation"
version = "1.2.0"
source = "registry+https://github.com/rust-lang/crates.io-index"

[metadata]
"checksum arbitrary 0.1.0 (registry+https://github.com/rust-lang/crates.io-index)" = "baa5f4eaa3a3603a0d83861560ab55dfa6c8dd094b05604e5d006b41ffaeb1d3"
"checksum gcc 0.3.49 (registry+https://github.com/rust-lang/crates.io-index)" = "9be730064c122681712957ba1a9abaf082150be8aaf94526a805d900015b65b9"
"checksum libfuzzer-sys 0.1.0 (git+https://github.com/rust-fuzz/libfuzzer-sys.git)" = "<none>"
"checksum unicode-segmentation 1.2.0 (registry+https://github.com/rust-lang/crates.io-index)" = "a8083c594e02b8ae1654ae26f0ade5158b119bd88ad0e8227a5d8fcd72407946"
